
Microsoft Visual Studio Solution File, Format Version 12.00
# Visual Studio Version 16
VisualStudioVersion = 16.0.32106.194
MinimumVisualStudioVersion = 10.0.40219.1
Project("{9A19103F-16F7-4668-BE54-9A1E7A4F7556}") = "RecorderThing", "RecorderThing.csproj", "{DC3DC14D-30F5-474E-8991-D209DC03F247}"
EndProject
Global
	GlobalSection(SolutionConfigurationPlatforms) = preSolution
		Debug|x64 = Debug|x64
		Release|x64 = Release|x64
	EndGlobalSection
	GlobalSection(ProjectConfigurationPlatforms) = postSolution
		{DC3DC14D-30F5-474E-8991-D209DC03F247}.Debug|x64.ActiveCfg = Debug|x64
		{DC3DC14D-30F5-474E-8991-D209DC03F247}.Debug|x64.Build.0 = Debug|x64
		{DC3DC14D-30F5-474E-8991-D209DC03F247}.Release|x64.ActiveCfg = Release|x64
		{DC3DC14D-30F5-474E-8991-D209DC03F247}.Release|x64.Build.0 = Release|x64
	EndGlobalSection
	GlobalSection(SolutionProperties) = preSolution
		HideSolutionNode = FALSE
	EndGlobalSection
	GlobalSection(ExtensibilityGlobals) = postSolution
		SolutionGuid = {FD5D74AC-E355-4A6D-BEA8-1048E8DC63F0}
	EndGlobalSection
EndGlobal
